
Microsoft Visual Studio Solution File, Format Version 12.00
# Visual Studio Version 17
VisualStudioVersion = 17.14.36414.22
MinimumVisualStudioVersion = 10.0.40219.1
Project("{FAE04EC0-301F-11D3-BF4B-00C04F79EFBC}") = "Pearline.Domain", "Pearline.Domain\Pearline.Domain.csproj", "{BB6A95DA-57D7-4F11-843B-5F68EDBB81C7}"
EndProject
Project("{FAE04EC0-301F-11D3-BF4B-00C04F79EFBC}") = "Pearline.Application", "Pearline.Application\Pearline.Application.csproj", "{DE7CCAA7-4B7E-45F0-B87F-6055C21CFCE2}"
EndProject
Project("{FAE04EC0-301F-11D3-BF4B-00C04F79EFBC}") = "Pearline.Infrastructure", "Pearline.Infrastructure\Pearline.Infrastructure.csproj", "{7A34B983-CEB7-4C04-A007-F68CDBAE5A09}"
EndProject
Project("{FAE04EC0-301F-11D3-BF4B-00C04F79EFBC}") = "Pearline.API", "Pearline.API\Pearline.API.csproj", "{84A32572-D32F-43BB-B18A-131F14D2F992}"
EndProject
Global
	GlobalSection(SolutionConfigurationPlatforms) = preSolution
		Debug|Any CPU = Debug|Any CPU
		Debug|x64 = Debug|x64
		Debug|x86 = Debug|x86
		Release|Any CPU = Release|Any CPU
		Release|x64 = Release|x64
		Release|x86 = Release|x86
	EndGlobalSection
	GlobalSection(ProjectConfigurationPlatforms) = postSolution
		{BB6A95DA-57D7-4F11-843B-5F68EDBB81C7}.Debug|Any CPU.ActiveCfg = Debug|Any CPU
		{BB6A95DA-57D7-4F11-843B-5F68EDBB81C7}.Debug|Any CPU.Build.0 = Debug|Any CPU
		{BB6A95DA-57D7-4F11-843B-5F68EDBB81C7}.Debug|x64.ActiveCfg = Debug|Any CPU
		{BB6A95DA-57D7-4F11-843B-5F68EDBB81C7}.Debug|x64.Build.0 = Debug|Any CPU
		{BB6A95DA-57D7-4F11-843B-5F68EDBB81C7}.Debug|x86.ActiveCfg = Debug|Any CPU
		{BB6A95DA-57D7-4F11-843B-5F68EDBB81C7}.Debug|x86.Build.0 = Debug|Any CPU
		{BB6A95DA-57D7-4F11-843B-5F68EDBB81C7}.Release|Any CPU.ActiveCfg = Release|Any CPU
		{BB6A95DA-57D7-4F11-843B-5F68EDBB81C7}.Release|Any CPU.Build.0 = Release|Any CPU
		{BB6A95DA-57D7-4F11-843B-5F68EDBB81C7}.Release|x64.ActiveCfg = Release|Any CPU
		{BB6A95DA-57D7-4F11-843B-5F68EDBB81C7}.Release|x64.Build.0 = Release|Any CPU
		{BB6A95DA-57D7-4F11-843B-5F68EDBB81C7}.Release|x86.ActiveCfg = Release|Any CPU
		{BB6A95DA-57D7-4F11-843B-5F68EDBB81C7}.Release|x86.Build.0 = Release|Any CPU
		{DE7CCAA7-4B7E-45F0-B87F-6055C21CFCE2}.Debug|Any CPU.ActiveCfg = Debug|Any CPU
		{DE7CCAA7-4B7E-45F0-B87F-6055C21CFCE2}.Debug|Any CPU.Build.0 = Debug|Any CPU
		{DE7CCAA7-4B7E-45F0-B87F-6055C21CFCE2}.Debug|x64.ActiveCfg = Debug|Any CPU
		{DE7CCAA7-4B7E-45F0-B87F-6055C21CFCE2}.Debug|x64.Build.0 = Debug|Any CPU
		{DE7CCAA7-4B7E-45F0-B87F-6055C21CFCE2}.Debug|x86.ActiveCfg = Debug|Any CPU
		{DE7CCAA7-4B7E-45F0-B87F-6055C21CFCE2}.Debug|x86.Build.0 = Debug|Any CPU
		{DE7CCAA7-4B7E-45F0-B87F-6055C21CFCE2}.Release|Any CPU.ActiveCfg = Release|Any CPU
		{DE7CCAA7-4B7E-45F0-B87F-6055C21CFCE2}.Release|Any CPU.Build.0 = Release|Any CPU
		{DE7CCAA7-4B7E-45F0-B87F-6055C21CFCE2}.Release|x64.ActiveCfg = Release|Any CPU
		{DE7CCAA7-4B7E-45F0-B87F-6055C21CFCE2}.Release|x64.Build.0 = Release|Any CPU
		{DE7CCAA7-4B7E-45F0-B87F-6055C21CFCE2}.Release|x86.ActiveCfg = Release|Any CPU
		{DE7CCAA7-4B7E-45F0-B87F-6055C21CFCE2}.Release|x86.Build.0 = Release|Any CPU
		{7A34B983-CEB7-4C04-A007-F68CDBAE5A09}.Debug|Any CPU.ActiveCfg = Debug|Any CPU
		{7A34B983-CEB7-4C04-A007-F68CDBAE5A09}.Debug|Any CPU.Build.0 = Debug|Any CPU
		{7A34B983-CEB7-4C04-A007-F68CDBAE5A09}.Debug|x64.ActiveCfg = Debug|Any CPU
		{7A34B983-CEB7-4C04-A007-F68CDBAE5A09}.Debug|x64.Build.0 = Debug|Any CPU
		{7A34B983-CEB7-4C04-A007-F68CDBAE5A09}.Debug|x86.ActiveCfg = Debug|Any CPU
		{7A34B983-CEB7-4C04-A007-F68CDBAE5A09}.Debug|x86.Build.0 = Debug|Any CPU
		{7A34B983-CEB7-4C04-A007-F68CDBAE5A09}.Release|Any CPU.ActiveCfg = Release|Any CPU
		{7A34B983-CEB7-4C04-A007-F68CDBAE5A09}.Release|Any CPU.Build.0 = Release|Any CPU
		{7A34B983-CEB7-4C04-A007-F68CDBAE5A09}.Release|x64.ActiveCfg = Release|Any CPU
		{7A34B983-CEB7-4C04-A007-F68CDBAE5A09}.Release|x64.Build.0 = Release|Any CPU
		{7A34B983-CEB7-4C04-A007-F68CDBAE5A09}.Release|x86.ActiveCfg = Release|Any CPU
		{7A34B983-CEB7-4C04-A007-F68CDBAE5A09}.Release|x86.Build.0 = Release|Any CPU
		{84A32572-D32F-43BB-B18A-131F14D2F992}.Debug|Any CPU.ActiveCfg = Debug|Any CPU
		{84A32572-D32F-43BB-B18A-131F14D2F992}.Debug|Any CPU.Build.0 = Debug|Any CPU
		{84A32572-D32F-43BB-B18A-131F14D2F992}.Debug|x64.ActiveCfg = Debug|Any CPU
		{84A32572-D32F-43BB-B18A-131F14D2F992}.Debug|x64.Build.0 = Debug|Any CPU
		{84A32572-D32F-43BB-B18A-131F14D2F992}.Debug|x86.ActiveCfg = Debug|Any CPU
		{84A32572-D32F-43BB-B18A-131F14D2F992}.Debug|x86.Build.0 = Debug|Any CPU
		{84A32572-D32F-43BB-B18A-131F14D2F992}.Release|Any CPU.ActiveCfg = Release|Any CPU
		{84A32572-D32F-43BB-B18A-131F14D2F992}.Release|Any CPU.Build.0 = Release|Any CPU
		{84A32572-D32F-43BB-B18A-131F14D2F992}.Release|x64.ActiveCfg = Release|Any CPU
		{84A32572-D32F-43BB-B18A-131F14D2F992}.Release|x64.Build.0 = Release|Any CPU
		{84A32572-D32F-43BB-B18A-131F14D2F992}.Release|x86.ActiveCfg = Release|Any CPU
		{84A32572-D32F-43BB-B18A-131F14D2F992}.Release|x86.Build.0 = Release|Any CPU
	EndGlobalSection
	GlobalSection(SolutionProperties) = preSolution
		HideSolutionNode = FALSE
	EndGlobalSection
	GlobalSection(ExtensibilityGlobals) = postSolution
		SolutionGuid = {694AD97A-4767-45F1-B607-590CFF594A2D}
	EndGlobalSection
EndGlobal
